
Microsoft Visual Studio Solution File, Format Version 11.00
# Visual Studio 2010
Project("{8BC9CEB8-8B4A-11D0-8D11-00A0C91BC942}") = "GrayScaleCrop", "GrayScaleCrop.vcxproj", "{81EDC0F8-1C64-4266-A4C4-AAA7D00F856C}"
EndProject
Global
	GlobalSection(SolutionConfigurationPlatforms) = preSolution
		Debug|Win32 = Debug|Win32
		Debug|x64 = Debug|x64
		Release|Win32 = Release|Win32
		Release|x64 = Release|x64
	EndGlobalSection
	GlobalSection(ProjectConfigurationPlatforms) = postSolution
		{81EDC0F8-1C64-4266-A4C4-AAA7D00F856C}.Debug|Win32.ActiveCfg = Debug|x64
		{81EDC0F8-1C64-4266-A4C4-AAA7D00F856C}.Debug|Win32.Build.0 = Debug|x64
		{81EDC0F8-1C64-4266-A4C4-AAA7D00F856C}.Debug|x64.ActiveCfg = Debug|x64
		{81EDC0F8-1C64-4266-A4C4-AAA7D00F856C}.Debug|x64.Build.0 = Debug|x64
		{81EDC0F8-1C64-4266-A4C4-AAA7D00F856C}.Release|Win32.ActiveCfg = Release|x64
		{81EDC0F8-1C64-4266-A4C4-AAA7D00F856C}.Release|Win32.Build.0 = Release|x64
		{81EDC0F8-1C64-4266-A4C4-AAA7D00F856C}.Release|x64.ActiveCfg = Release|x64
		{81EDC0F8-1C64-4266-A4C4-AAA7D00F856C}.Release|x64.Build.0 = Release|x64
	EndGlobalSection
	GlobalSection(SolutionProperties) = preSolution
		HideSolutionNode = FALSE
	EndGlobalSection
EndGlobal
